// !$*UTF8*$!
{
	archiveVersion = 1;
	classes = {
	};
	objectVersion = 46;
	objects = {

/* Begin PBXBuildFile section */
		7D6E87671F38F16500D6BD7C /* libbsm.tbd in Frameworks */ = {isa = PBXBuildFile; fileRef = 7D6E87661F38F16500D6BD7C /* libbsm.tbd */; };
		7D6E876D1F3934B100D6BD7C /* libprocInfo.a in Frameworks */ = {isa = PBXBuildFile; fileRef = 7D6E876C1F3934B100D6BD7C /* libprocInfo.a */; };
		7DD0A9431F37F2F4000EA15D /* main.m in Sources */ = {isa = PBXBuildFile; fileRef = 7DD0A9421F37F2F4000EA15D /* main.m */; };
/* End PBXBuildFile section */

/* Begin PBXCopyFilesBuildPhase section */
		7D83AA271EBA39AC001506F0 /* CopyFiles */ = {
			isa = PBXCopyFilesBuildPhase;
			buildActionMask = 2147483647;
			dstPath = /usr/share/man/man1/;
			dstSubfolderSpec = 0;
			files = (
			);
			runOnlyForDeploymentPostprocessing = 1;
		};
/* End PBXCopyFilesBuildPhase section */

/* Begin PBXFileReference section */
		7D6E87631F38232800D6BD7C /* procInfo.h */ = {isa = PBXFileReference; lastKnownFileType = sourcecode.c.h; name = procInfo.h; path = procInfoExample/procInfo.h; sourceTree = SOURCE_ROOT; };
		7D6E87661F38F16500D6BD7C /* libbsm.tbd */ = {isa = PBXFileReference; lastKnownFileType = "sourcecode.text-based-dylib-definition"; name = libbsm.tbd; path = usr/lib/libbsm.tbd; sourceTree = SDKROOT; };
		7D6E876C1F3934B100D6BD7C /* libprocInfo.a */ = {isa = PBXFileReference; lastKnownFileType = archive.ar; path = libprocInfo.a; sourceTree = "<group>"; };
		7D83AA291EBA39AC001506F0 /* procInfoExample */ = {isa = PBXFileReference; explicitFileType = "compiled.mach-o.executable"; includeInIndex = 0; path = procInfoExample; sourceTree = BUILT_PRODUCTS_DIR; };
		7DD0A9421F37F2F4000EA15D /* main.m */ = {isa = PBXFileReference; fileEncoding = 4; lastKnownFileType = sourcecode.c.objc; name = main.m; path = procInfoExample/main.m; sourceTree = SOURCE_ROOT; };
/* End PBXFileReference section */

/* Begin PBXFrameworksBuildPhase section */
		7D83AA261EBA39AC001506F0 /* Frameworks */ = {
			isa = PBXFrameworksBuildPhase;
			buildActionMask = 2147483647;
			files = (
				7D6E87671F38F16500D6BD7C /* libbsm.tbd in Frameworks */,
				7D6E876D1F3934B100D6BD7C /* libprocInfo.a in Frameworks */,
			);
			runOnlyForDeploymentPostprocessing = 0;
		};
/* End PBXFrameworksBuildPhase section */

/* Begin PBXGroup section */
		7D83AA201EBA39AC001506F0 = {
			isa = PBXGroup;
			children = (
				7D83AA2B1EBA39AC001506F0 /* src */,
				7D83AA2A1EBA39AC001506F0 /* Products */,
				7D83AA331EBA7121001506F0 /* Frameworks */,
			);
			sourceTree = "<group>";
		};
		7D83AA2A1EBA39AC001506F0 /* Products */ = {
			isa = PBXGroup;
			children = (
				7D83AA291EBA39AC001506F0 /* procInfoExample */,
			);
			name = Products;
			sourceTree = "<group>";
		};
		7D83AA2B1EBA39AC001506F0 /* src */ = {
			isa = PBXGroup;
			children = (
				7D6E87631F38232800D6BD7C /* procInfo.h */,
				7DD0A9421F37F2F4000EA15D /* main.m */,
			);
			name = src;
			path = procmonConsumer;
			sourceTree = "<group>";
		};
		7D83AA331EBA7121001506F0 /* Frameworks */ = {
			isa = PBXGroup;
			children = (
				7D6E87661F38F16500D6BD7C /* libbsm.tbd */,
				7D6E876C1F3934B100D6BD7C /* libprocInfo.a */,
			);
			name = Frameworks;
			sourceTree = "<group>";
		};
/* End PBXGroup section */

/* Begin PBXNativeTarget section */
		7D83AA281EBA39AC001506F0 /* procInfoExample */ = {
			isa = PBXNativeTarget;
			buildConfigurationList = 7D83AA301EBA39AC001506F0 /* Build configuration list for PBXNativeTarget "procInfoExample" */;
			buildPhases = (
				7D83AA251EBA39AC001506F0 /* Sources */,
				7D83AA261EBA39AC001506F0 /* Frameworks */,
				7D83AA271EBA39AC001506F0 /* CopyFiles */,
			);
			buildRules = (
			);
			dependencies = (
			);
			name = procInfoExample;
			productName = procmonConsumer;
			productReference = 7D83AA291EBA39AC001506F0 /* procInfoExample */;
			productType = "com.apple.product-type.tool";
		};
/* End PBXNativeTarget section */

/* Begin PBXProject section */
		7D83AA211EBA39AC001506F0 /* Project object */ = {
			isa = PBXProject;
			attributes = {
				LastUpgradeCheck = 0820;
				ORGANIZATIONNAME = "Objective-See";
				TargetAttributes = {
					7D83AA281EBA39AC001506F0 = {
						CreatedOnToolsVersion = 8.2.1;
						ProvisioningStyle = Automatic;
					};
				};
			};
			buildConfigurationList = 7D83AA241EBA39AC001506F0 /* Build configuration list for PBXProject "procInfoExample" */;
			compatibilityVersion = "Xcode 3.2";
			developmentRegion = English;
			hasScannedForEncodings = 0;
			knownRegions = (
				en,
			);
			mainGroup = 7D83AA201EBA39AC001506F0;
			productRefGroup = 7D83AA2A1EBA39AC001506F0 /* Products */;
			projectDirPath = "";
			projectRoot = "";
			targets = (
				7D83AA281EBA39AC001506F0 /* procInfoExample */,
			);
		};
/* End PBXProject section */

/* Begin PBXSourcesBuildPhase section */
		7D83AA251EBA39AC001506F0 /* Sources */ = {
			isa = PBXSourcesBuildPhase;
			buildActionMask = 2147483647;
			files = (
				7DD0A9431F37F2F4000EA15D /* main.m in Sources */,
			);
			runOnlyForDeploymentPostprocessing = 0;
		};
/* End PBXSourcesBuildPhase section */

/* Begin XCBuildConfiguration section */
		7D83AA2E1EBA39AC001506F0 /* Debug */ = {
			isa = XCBuildConfiguration;
			buildSettings = {
				ALWAYS_SEARCH_USER_PATHS = NO;
				CLANG_ANALYZER_NONNULL = YES;
				CLANG_CXX_LANGUAGE_STANDARD = "gnu++0x";
				CLANG_CXX_LIBRARY = "libc++";
				CLANG_ENABLE_MODULES = YES;
				CLANG_ENABLE_OBJC_ARC = YES;
				CLANG_WARN_BOOL_CONVERSION = YES;
				CLANG_WARN_CONSTANT_CONVERSION = YES;
				CLANG_WARN_DIRECT_OBJC_ISA_USAGE = YES_ERROR;
				CLANG_WARN_DOCUMENTATION_COMMENTS = YES;
				CLANG_WARN_EMPTY_BODY = YES;
				CLANG_WARN_ENUM_CONVERSION = YES;
				CLANG_WARN_INFINITE_RECURSION = YES;
				CLANG_WARN_INT_CONVERSION = YES;
				CLANG_WARN_OBJC_ROOT_CLASS = YES_ERROR;
				CLANG_WARN_SUSPICIOUS_MOVE = YES;
				CLANG_WARN_UNREACHABLE_CODE = YES;
				CLANG_WARN__DUPLICATE_METHOD_MATCH = YES;
				CODE_SIGN_IDENTITY = "-";
				COPY_PHASE_STRIP = NO;
				DEBUG_INFORMATION_FORMAT = dwarf;
				ENABLE_STRICT_OBJC_MSGSEND = YES;
				ENABLE_TESTABILITY = YES;
				GCC_C_LANGUAGE_STANDARD = gnu99;
				GCC_DYNAMIC_NO_PIC = NO;
				GCC_NO_COMMON_BLOCKS = YES;
				GCC_OPTIMIZATION_LEVEL = 0;
				GCC_PREPROCESSOR_DEFINITIONS = (
					"DEBUG=1",
					"$(inherited)",
				);
				GCC_WARN_64_TO_32_BIT_CONVERSION = YES;
				GCC_WARN_ABOUT_RETURN_TYPE = YES_ERROR;
				GCC_WARN_UNDECLARED_SELECTOR = YES;
				GCC_WARN_UNINITIALIZED_AUTOS = YES_AGGRESSIVE;
				GCC_WARN_UNUSED_FUNCTION = YES;
				GCC_WARN_UNUSED_VARIABLE = YES;
				MACOSX_DEPLOYMENT_TARGET = 10.12;
				MTL_ENABLE_DEBUG_INFO = YES;
				ONLY_ACTIVE_ARCH = YES;
				SDKROOT = macosx;
			};
			name = Debug;
		};
		7D83AA2F1EBA39AC001506F0 /* Release */ = {
			isa = XCBuildConfiguration;
			buildSettings = {
				ALWAYS_SEARCH_USER_PATHS = NO;
				CLANG_ANALYZER_NONNULL = YES;
				CLANG_CXX_LANGUAGE_STANDARD = "gnu++0x";
				CLANG_CXX_LIBRARY = "libc++";
				CLANG_ENABLE_MODULES = YES;
				CLANG_ENABLE_OBJC_ARC = YES;
				CLANG_WARN_BOOL_CONVERSION = YES;
				CLANG_WARN_CONSTANT_CONVERSION = YES;
				CLANG_WARN_DIRECT_OBJC_ISA_USAGE = YES_ERROR;
				CLANG_WARN_DOCUMENTATION_COMMENTS = YES;
				CLANG_WARN_EMPTY_BODY = YES;
				CLANG_WARN_ENUM_CONVERSION = YES;
				CLANG_WARN_INFINITE_RECURSION = YES;
				CLANG_WARN_INT_CONVERSION = YES;
				CLANG_WARN_OBJC_ROOT_CLASS = YES_ERROR;
				CLANG_WARN_SUSPICIOUS_MOVE = YES;
				CLANG_WARN_UNREACHABLE_CODE = YES;
				CLANG_WARN__DUPLICATE_METHOD_MATCH = YES;
				CODE_SIGN_IDENTITY = "-";
				COPY_PHASE_STRIP = NO;
				DEBUG_INFORMATION_FORMAT = "dwarf-with-dsym";
				ENABLE_NS_ASSERTIONS = NO;
				ENABLE_STRICT_OBJC_MSGSEND = YES;
				GCC_C_LANGUAGE_STANDARD = gnu99;
				GCC_NO_COMMON_BLOCKS = YES;
				GCC_WARN_64_TO_32_BIT_CONVERSION = YES;
				GCC_WARN_ABOUT_RETURN_TYPE = YES_ERROR;
				GCC_WARN_UNDECLARED_SELECTOR = YES;
				GCC_WARN_UNINITIALIZED_AUTOS = YES_AGGRESSIVE;
				GCC_WARN_UNUSED_FUNCTION = YES;
				GCC_WARN_UNUSED_VARIABLE = YES;
				MACOSX_DEPLOYMENT_TARGET = 10.12;
				MTL_ENABLE_DEBUG_INFO = NO;
				SDKROOT = macosx;
			};
			name = Release;
		};
		7D83AA311EBA39AC001506F0 /* Debug */ = {
			isa = XCBuildConfiguration;
			buildSettings = {
				ALWAYS_SEARCH_USER_PATHS = YES;
				LIBRARY_SEARCH_PATHS = (
					"$(inherited)",
					"$(PROJECT_DIR)",
				);
				PRODUCT_NAME = "$(TARGET_NAME)";
			};
			name = Debug;
		};
		7D83AA321EBA39AC001506F0 /* Release */ = {
			isa = XCBuildConfiguration;
			buildSettings = {
				ALWAYS_SEARCH_USER_PATHS = YES;
				LIBRARY_SEARCH_PATHS = (
					"$(inherited)",
					"$(PROJECT_DIR)",
				);
				PRODUCT_NAME = "$(TARGET_NAME)";
			};
			name = Release;
		};
/* End XCBuildConfiguration section */

/* Begin XCConfigurationList section */
		7D83AA241EBA39AC001506F0 /* Build configuration list for PBXProject "procInfoExample" */ = {
			isa = XCConfigurationList;
			buildConfigurations = (
				7D83AA2E1EBA39AC001506F0 /* Debug */,
				7D83AA2F1EBA39AC001506F0 /* Release */,
			);
			defaultConfigurationIsVisible = 0;
			defaultConfigurationName = Release;
		};
		7D83AA301EBA39AC001506F0 /* Build configuration list for PBXNativeTarget "procInfoExample" */ = {
			isa = XCConfigurationList;
			buildConfigurations = (
				7D83AA311EBA39AC001506F0 /* Debug */,
				7D83AA321EBA39AC001506F0 /* Release */,
			);
			defaultConfigurationIsVisible = 0;
			defaultConfigurationName = Release;
		};
/* End XCConfigurationList section */
	};
	rootObject = 7D83AA211EBA39AC001506F0 /* Project object */;
}
